
Microsoft Visual Studio Solution File, Format Version 11.00
# Visual Studio 2010
Project("{FAE04EC0-301F-11D3-BF4B-00C04F79EFBC}") = "go", "Assembly-CSharp.csproj", "{A28CDF72-3F6E-0D94-3D56-5EAEAC0F3FDD}"
EndProject
Global
	GlobalSection(SolutionConfigurationPlatforms) = preSolution
		Debug|Any CPU = Debug|Any CPU
		Release|Any CPU = Release|Any CPU
	EndGlobalSection
	GlobalSection(ProjectConfigurationPlatforms) = postSolution
		{A28CDF72-3F6E-0D94-3D56-5EAEAC0F3FDD}.Debug|Any CPU.ActiveCfg = Debug|Any CPU
		{A28CDF72-3F6E-0D94-3D56-5EAEAC0F3FDD}.Debug|Any CPU.Build.0 = Debug|Any CPU
		{A28CDF72-3F6E-0D94-3D56-5EAEAC0F3FDD}.Release|Any CPU.ActiveCfg = Release|Any CPU
		{A28CDF72-3F6E-0D94-3D56-5EAEAC0F3FDD}.Release|Any CPU.Build.0 = Release|Any CPU
	EndGlobalSection
	GlobalSection(SolutionProperties) = preSolution
		HideSolutionNode = FALSE
	EndGlobalSection
	GlobalSection(MonoDevelopProperties) = preSolution
		StartupItem = Assembly-CSharp.csproj
	EndGlobalSection
EndGlobal
